
Microsoft Visual Studio Solution File, Format Version 12.00
# Visual Studio Version 16
VisualStudioVersion = 16.0.33214.272
MinimumVisualStudioVersion = 10.0.40219.1
Project("{FAE04EC0-301F-11D3-BF4B-00C04F79EFBC}") = "pract16_shvets", "pract16_shvets\pract16_shvets.csproj", "{672E341B-3D10-4D33-AED3-B8D93BB4E62F}"
EndProject
Global
	GlobalSection(SolutionConfigurationPlatforms) = preSolution
		Debug|Any CPU = Debug|Any CPU
		Release|Any CPU = Release|Any CPU
	EndGlobalSection
	GlobalSection(ProjectConfigurationPlatforms) = postSolution
		{672E341B-3D10-4D33-AED3-B8D93BB4E62F}.Debug|Any CPU.ActiveCfg = Debug|Any CPU
		{672E341B-3D10-4D33-AED3-B8D93BB4E62F}.Debug|Any CPU.Build.0 = Debug|Any CPU
		{672E341B-3D10-4D33-AED3-B8D93BB4E62F}.Release|Any CPU.ActiveCfg = Release|Any CPU
		{672E341B-3D10-4D33-AED3-B8D93BB4E62F}.Release|Any CPU.Build.0 = Release|Any CPU
	EndGlobalSection
	GlobalSection(SolutionProperties) = preSolution
		HideSolutionNode = FALSE
	EndGlobalSection
	GlobalSection(ExtensibilityGlobals) = postSolution
		SolutionGuid = {F7F40DCC-EEE5-405D-AB32-5EDEF7456F0A}
	EndGlobalSection
EndGlobal
